
Microsoft Visual Studio Solution File, Format Version 12.00
# Visual Studio 15
VisualStudioVersion = 15.0.26730.16
MinimumVisualStudioVersion = 10.0.40219.1
Project("{FAE04EC0-301F-11D3-BF4B-00C04F79EFBC}") = "Task1", "Task1\Task1.csproj", "{15244C5E-E214-4E28-BBED-FDAC30C0BA68}"
EndProject
Project("{FAE04EC0-301F-11D3-BF4B-00C04F79EFBC}") = "Task2", "Task2\Task2.csproj", "{62D9087E-4572-49E4-AE1D-DCB3E3633E8E}"
EndProject
Project("{FAE04EC0-301F-11D3-BF4B-00C04F79EFBC}") = "Task3", "Task3\Task3.csproj", "{EAFB59DA-C6B6-4120-B3D5-0BE75C04BFD2}"
EndProject
Project("{FAE04EC0-301F-11D3-BF4B-00C04F79EFBC}") = "Task4", "Task4\Task4.csproj", "{489023C9-8AA0-431B-B2BE-239F4C196D8B}"
EndProject
Project("{FAE04EC0-301F-11D3-BF4B-00C04F79EFBC}") = "Task5", "Task5\Task5.csproj", "{9045835B-7565-4325-992E-F0CFF36CC1A1}"
EndProject
Project("{FAE04EC0-301F-11D3-BF4B-00C04F79EFBC}") = "Task6", "Task6\Task6.csproj", "{F24D94E1-7109-4F95-9CFF-7BBF0EADD87B}"
EndProject
Project("{FAE04EC0-301F-11D3-BF4B-00C04F79EFBC}") = "Task7", "Task7\Task7.csproj", "{523FF2C8-9C1C-4033-99ED-BA92E57948A3}"
EndProject
Project("{FAE04EC0-301F-11D3-BF4B-00C04F79EFBC}") = "Task7.Tests", "Task7.Tests\Task7.Tests.csproj", "{DAEE7D23-E0B2-44A1-B68C-375C7D76D06B}"
EndProject
Global
	GlobalSection(SolutionConfigurationPlatforms) = preSolution
		Debug|Any CPU = Debug|Any CPU
		Release|Any CPU = Release|Any CPU
	EndGlobalSection
	GlobalSection(ProjectConfigurationPlatforms) = postSolution
		{15244C5E-E214-4E28-BBED-FDAC30C0BA68}.Debug|Any CPU.ActiveCfg = Debug|Any CPU
		{15244C5E-E214-4E28-BBED-FDAC30C0BA68}.Debug|Any CPU.Build.0 = Debug|Any CPU
		{15244C5E-E214-4E28-BBED-FDAC30C0BA68}.Release|Any CPU.ActiveCfg = Release|Any CPU
		{15244C5E-E214-4E28-BBED-FDAC30C0BA68}.Release|Any CPU.Build.0 = Release|Any CPU
		{62D9087E-4572-49E4-AE1D-DCB3E3633E8E}.Debug|Any CPU.ActiveCfg = Debug|Any CPU
		{62D9087E-4572-49E4-AE1D-DCB3E3633E8E}.Debug|Any CPU.Build.0 = Debug|Any CPU
		{62D9087E-4572-49E4-AE1D-DCB3E3633E8E}.Release|Any CPU.ActiveCfg = Release|Any CPU
		{62D9087E-4572-49E4-AE1D-DCB3E3633E8E}.Release|Any CPU.Build.0 = Release|Any CPU
		{EAFB59DA-C6B6-4120-B3D5-0BE75C04BFD2}.Debug|Any CPU.ActiveCfg = Debug|Any CPU
		{EAFB59DA-C6B6-4120-B3D5-0BE75C04BFD2}.Debug|Any CPU.Build.0 = Debug|Any CPU
		{EAFB59DA-C6B6-4120-B3D5-0BE75C04BFD2}.Release|Any CPU.ActiveCfg = Release|Any CPU
		{EAFB59DA-C6B6-4120-B3D5-0BE75C04BFD2}.Release|Any CPU.Build.0 = Release|Any CPU
		{489023C9-8AA0-431B-B2BE-239F4C196D8B}.Debug|Any CPU.ActiveCfg = Debug|Any CPU
		{489023C9-8AA0-431B-B2BE-239F4C196D8B}.Debug|Any CPU.Build.0 = Debug|Any CPU
		{489023C9-8AA0-431B-B2BE-239F4C196D8B}.Release|Any CPU.ActiveCfg = Release|Any CPU
		{489023C9-8AA0-431B-B2BE-239F4C196D8B}.Release|Any CPU.Build.0 = Release|Any CPU
		{9045835B-7565-4325-992E-F0CFF36CC1A1}.Debug|Any CPU.ActiveCfg = Debug|Any CPU
		{9045835B-7565-4325-992E-F0CFF36CC1A1}.Debug|Any CPU.Build.0 = Debug|Any CPU
		{9045835B-7565-4325-992E-F0CFF36CC1A1}.Release|Any CPU.ActiveCfg = Release|Any CPU
		{9045835B-7565-4325-992E-F0CFF36CC1A1}.Release|Any CPU.Build.0 = Release|Any CPU
		{F24D94E1-7109-4F95-9CFF-7BBF0EADD87B}.Debug|Any CPU.ActiveCfg = Debug|Any CPU
		{F24D94E1-7109-4F95-9CFF-7BBF0EADD87B}.Debug|Any CPU.Build.0 = Debug|Any CPU
		{F24D94E1-7109-4F95-9CFF-7BBF0EADD87B}.Release|Any CPU.ActiveCfg = Release|Any CPU
		{F24D94E1-7109-4F95-9CFF-7BBF0EADD87B}.Release|Any CPU.Build.0 = Release|Any CPU
		{523FF2C8-9C1C-4033-99ED-BA92E57948A3}.Debug|Any CPU.ActiveCfg = Debug|Any CPU
		{523FF2C8-9C1C-4033-99ED-BA92E57948A3}.Debug|Any CPU.Build.0 = Debug|Any CPU
		{523FF2C8-9C1C-4033-99ED-BA92E57948A3}.Release|Any CPU.ActiveCfg = Release|Any CPU
		{523FF2C8-9C1C-4033-99ED-BA92E57948A3}.Release|Any CPU.Build.0 = Release|Any CPU
		{DAEE7D23-E0B2-44A1-B68C-375C7D76D06B}.Debug|Any CPU.ActiveCfg = Debug|Any CPU
		{DAEE7D23-E0B2-44A1-B68C-375C7D76D06B}.Debug|Any CPU.Build.0 = Debug|Any CPU
		{DAEE7D23-E0B2-44A1-B68C-375C7D76D06B}.Release|Any CPU.ActiveCfg = Release|Any CPU
		{DAEE7D23-E0B2-44A1-B68C-375C7D76D06B}.Release|Any CPU.Build.0 = Release|Any CPU
	EndGlobalSection
	GlobalSection(SolutionProperties) = preSolution
		HideSolutionNode = FALSE
	EndGlobalSection
	GlobalSection(ExtensibilityGlobals) = postSolution
		SolutionGuid = {8AED3DDD-62F2-4061-82D5-07E824DDF272}
	EndGlobalSection
EndGlobal
