
Microsoft Visual Studio Solution File, Format Version 12.00
# Visual Studio 15
VisualStudioVersion = 15.0.28307.168
MinimumVisualStudioVersion = 10.0.40219.1
Project("{FAE04EC0-301F-11D3-BF4B-00C04F79EFBC}") = "Task1", "Task1\Task1.csproj", "{B489A61E-2E8A-4F52-8943-7461F478B81E}"
EndProject
Project("{FAE04EC0-301F-11D3-BF4B-00C04F79EFBC}") = "Task2", "Task2\Task2.csproj", "{6632A7C7-7745-4F00-91DF-C3CF47243F05}"
EndProject
Project("{FAE04EC0-301F-11D3-BF4B-00C04F79EFBC}") = "Task3", "Task3\Task3.csproj", "{B04586F7-E033-48EA-ABE2-F76AA38C225F}"
EndProject
Global
	GlobalSection(SolutionConfigurationPlatforms) = preSolution
		Debug|Any CPU = Debug|Any CPU
		Release|Any CPU = Release|Any CPU
	EndGlobalSection
	GlobalSection(ProjectConfigurationPlatforms) = postSolution
		{B489A61E-2E8A-4F52-8943-7461F478B81E}.Debug|Any CPU.ActiveCfg = Debug|Any CPU
		{B489A61E-2E8A-4F52-8943-7461F478B81E}.Debug|Any CPU.Build.0 = Debug|Any CPU
		{B489A61E-2E8A-4F52-8943-7461F478B81E}.Release|Any CPU.ActiveCfg = Release|Any CPU
		{B489A61E-2E8A-4F52-8943-7461F478B81E}.Release|Any CPU.Build.0 = Release|Any CPU
		{6632A7C7-7745-4F00-91DF-C3CF47243F05}.Debug|Any CPU.ActiveCfg = Debug|Any CPU
		{6632A7C7-7745-4F00-91DF-C3CF47243F05}.Debug|Any CPU.Build.0 = Debug|Any CPU
		{6632A7C7-7745-4F00-91DF-C3CF47243F05}.Release|Any CPU.ActiveCfg = Release|Any CPU
		{6632A7C7-7745-4F00-91DF-C3CF47243F05}.Release|Any CPU.Build.0 = Release|Any CPU
		{B04586F7-E033-48EA-ABE2-F76AA38C225F}.Debug|Any CPU.ActiveCfg = Debug|Any CPU
		{B04586F7-E033-48EA-ABE2-F76AA38C225F}.Debug|Any CPU.Build.0 = Debug|Any CPU
		{B04586F7-E033-48EA-ABE2-F76AA38C225F}.Release|Any CPU.ActiveCfg = Release|Any CPU
		{B04586F7-E033-48EA-ABE2-F76AA38C225F}.Release|Any CPU.Build.0 = Release|Any CPU
	EndGlobalSection
	GlobalSection(SolutionProperties) = preSolution
		HideSolutionNode = FALSE
	EndGlobalSection
	GlobalSection(ExtensibilityGlobals) = postSolution
		SolutionGuid = {8BE75037-B7DA-466F-A3A7-C4078BB9E4D6}
	EndGlobalSection
EndGlobal
