
Microsoft Visual Studio Solution File, Format Version 12.00
# Visual Studio 14
VisualStudioVersion = 14.0.25420.1
MinimumVisualStudioVersion = 10.0.40219.1
Project("{8BC9CEB8-8B4A-11D0-8D11-00A0C91BC942}") = "NativeCalculator", "NativeCalculator\NativeCalculator.vcxproj", "{64B92B7C-B077-4B08-9305-F32BEE2DA95F}"
EndProject
Project("{FAE04EC0-301F-11D3-BF4B-00C04F79EFBC}") = "ManagedCalculator", "ManagedCalculator\ManagedCalculator.csproj", "{DD8F9C01-FCFF-4B82-B4AC-8898205E2351}"
EndProject
Project("{FAE04EC0-301F-11D3-BF4B-00C04F79EFBC}") = "ManagedCalculator.Test", "ManagedCalculator.Test\ManagedCalculator.Test.csproj", "{EC47B97B-C3F6-4951-A527-A18FBAA64CD6}"
EndProject
Global
	GlobalSection(SolutionConfigurationPlatforms) = preSolution
		Debug|Any CPU = Debug|Any CPU
		Debug|x64 = Debug|x64
		Debug|x86 = Debug|x86
		Release|Any CPU = Release|Any CPU
		Release|x64 = Release|x64
		Release|x86 = Release|x86
	EndGlobalSection
	GlobalSection(ProjectConfigurationPlatforms) = postSolution
		{64B92B7C-B077-4B08-9305-F32BEE2DA95F}.Debug|Any CPU.ActiveCfg = Debug|Win32
		{64B92B7C-B077-4B08-9305-F32BEE2DA95F}.Debug|x64.ActiveCfg = Debug|x64
		{64B92B7C-B077-4B08-9305-F32BEE2DA95F}.Debug|x64.Build.0 = Debug|x64
		{64B92B7C-B077-4B08-9305-F32BEE2DA95F}.Debug|x86.ActiveCfg = Debug|Win32
		{64B92B7C-B077-4B08-9305-F32BEE2DA95F}.Debug|x86.Build.0 = Debug|Win32
		{64B92B7C-B077-4B08-9305-F32BEE2DA95F}.Release|Any CPU.ActiveCfg = Release|Win32
		{64B92B7C-B077-4B08-9305-F32BEE2DA95F}.Release|x64.ActiveCfg = Release|x64
		{64B92B7C-B077-4B08-9305-F32BEE2DA95F}.Release|x64.Build.0 = Release|x64
		{64B92B7C-B077-4B08-9305-F32BEE2DA95F}.Release|x86.ActiveCfg = Release|Win32
		{64B92B7C-B077-4B08-9305-F32BEE2DA95F}.Release|x86.Build.0 = Release|Win32
		{DD8F9C01-FCFF-4B82-B4AC-8898205E2351}.Debug|Any CPU.ActiveCfg = Debug|Any CPU
		{DD8F9C01-FCFF-4B82-B4AC-8898205E2351}.Debug|Any CPU.Build.0 = Debug|Any CPU
		{DD8F9C01-FCFF-4B82-B4AC-8898205E2351}.Debug|x64.ActiveCfg = Debug|Any CPU
		{DD8F9C01-FCFF-4B82-B4AC-8898205E2351}.Debug|x64.Build.0 = Debug|Any CPU
		{DD8F9C01-FCFF-4B82-B4AC-8898205E2351}.Debug|x86.ActiveCfg = Debug|Any CPU
		{DD8F9C01-FCFF-4B82-B4AC-8898205E2351}.Debug|x86.Build.0 = Debug|Any CPU
		{DD8F9C01-FCFF-4B82-B4AC-8898205E2351}.Release|Any CPU.ActiveCfg = Release|Any CPU
		{DD8F9C01-FCFF-4B82-B4AC-8898205E2351}.Release|Any CPU.Build.0 = Release|Any CPU
		{DD8F9C01-FCFF-4B82-B4AC-8898205E2351}.Release|x64.ActiveCfg = Release|Any CPU
		{DD8F9C01-FCFF-4B82-B4AC-8898205E2351}.Release|x64.Build.0 = Release|Any CPU
		{DD8F9C01-FCFF-4B82-B4AC-8898205E2351}.Release|x86.ActiveCfg = Release|Any CPU
		{DD8F9C01-FCFF-4B82-B4AC-8898205E2351}.Release|x86.Build.0 = Release|Any CPU
		{EC47B97B-C3F6-4951-A527-A18FBAA64CD6}.Debug|Any CPU.ActiveCfg = Debug|Any CPU
		{EC47B97B-C3F6-4951-A527-A18FBAA64CD6}.Debug|Any CPU.Build.0 = Debug|Any CPU
		{EC47B97B-C3F6-4951-A527-A18FBAA64CD6}.Debug|x64.ActiveCfg = Debug|Any CPU
		{EC47B97B-C3F6-4951-A527-A18FBAA64CD6}.Debug|x64.Build.0 = Debug|Any CPU
		{EC47B97B-C3F6-4951-A527-A18FBAA64CD6}.Debug|x86.ActiveCfg = Debug|Any CPU
		{EC47B97B-C3F6-4951-A527-A18FBAA64CD6}.Debug|x86.Build.0 = Debug|Any CPU
		{EC47B97B-C3F6-4951-A527-A18FBAA64CD6}.Release|Any CPU.ActiveCfg = Release|Any CPU
		{EC47B97B-C3F6-4951-A527-A18FBAA64CD6}.Release|Any CPU.Build.0 = Release|Any CPU
		{EC47B97B-C3F6-4951-A527-A18FBAA64CD6}.Release|x64.ActiveCfg = Release|Any CPU
		{EC47B97B-C3F6-4951-A527-A18FBAA64CD6}.Release|x64.Build.0 = Release|Any CPU
		{EC47B97B-C3F6-4951-A527-A18FBAA64CD6}.Release|x86.ActiveCfg = Release|Any CPU
		{EC47B97B-C3F6-4951-A527-A18FBAA64CD6}.Release|x86.Build.0 = Release|Any CPU
	EndGlobalSection
	GlobalSection(SolutionProperties) = preSolution
		HideSolutionNode = FALSE
	EndGlobalSection
EndGlobal
